<?xml version="1.0" encoding="utf-8"?>
<Project ToolsVersion="4.0" xmlns="http://schemas.microsoft.com/developer/msbuild/2003">
  <ItemGroup>
    <Filter Include="Source Files">
      <UniqueIdentifier>{4FC737F1-C7A5-4376-A066-2A32D752A2FF}</UniqueIdentifier>
      <Extensions>cpp;cxx;c;def</Extensions>
    </Filter>
    <Filter Include="Header Files">
      <UniqueIdentifier>{93995380-89BD-4b04-88EB-625FBE52EBFB}</UniqueIdentifier>
      <Extensions>h</Extensions>
    </Filter>
    <Filter Include="Form Files">
      <UniqueIdentifier>{99349809-55BA-4b9d-BF79-8FDBB0286EB3}</UniqueIdentifier>
      <Extensions>ui</Extensions>
    </Filter>
    <Filter Include="Resource Files">
      <UniqueIdentifier>{D9D6E242-F8AF-46E4-B9FD-80ECBC20BA3E}</UniqueIdentifier>
      <Extensions>qrc;*</Extensions>
      <ParseFiles>false</ParseFiles>
    </Filter>
    <Filter Include="Generated Files">
      <UniqueIdentifier>{71ED8ED8-ACB9-4CE9-BBE1-E00B30144E11}</UniqueIdentifier>
      <Extensions>moc;h;cpp</Extensions>
      <SourceControlFiles>False</SourceControlFiles>
    </Filter>
    <Filter Include="Generated Files\Debug">
      <UniqueIdentifier>{d321c05e-6635-4252-8b1d-68ed6c96f5f7}</UniqueIdentifier>
      <Extensions>cpp;moc</Extensions>
      <SourceControlFiles>False</SourceControlFiles>
    </Filter>
    <Filter Include="Generated Files\Release">
      <UniqueIdentifier>{94d4545d-9b86-44ff-84a8-abb435a9c4bd}</UniqueIdentifier>
      <Extensions>cpp;moc</Extensions>
      <SourceControlFiles>False</SourceControlFiles>
    </Filter>
    <Filter Include="References">
      <UniqueIdentifier>{2537990c-1a5a-4441-be1b-cf1bac67bd85}</UniqueIdentifier>
    </Filter>
  </ItemGroup>
  <ItemGroup>
    <ClCompile Include="main.cpp">
      <Filter>Source Files</Filter>
    </ClCompile>
    <ClCompile Include="mind_map_window.cpp">
      <Filter>Source Files</Filter>
    </ClCompile>
    <ClCompile Include="GeneratedFiles\Debug\moc_mind_map_window.cpp">
      <Filter>Generated Files\Debug</Filter>
    </ClCompile>
    <ClCompile Include="GeneratedFiles\Release\moc_mind_map_window.cpp">
      <Filter>Generated Files\Release</Filter>
    </ClCompile>
    <ClCompile Include="GeneratedFiles\qrc_mind_map_window.cpp">
      <Filter>Generated Files</Filter>
    </ClCompile>
    <ClCompile Include="..\103598010_MindMap\change_parent_command.cpp">
      <Filter>References</Filter>
    </ClCompile>
    <ClCompile Include="..\103598010_MindMap\change_parent_state.cpp">
      <Filter>References</Filter>
    </ClCompile>
    <ClCompile Include="..\103598010_MindMap\command.cpp">
      <Filter>References</Filter>
    </ClCompile>
    <ClCompile Include="..\103598010_MindMap\command_manager.cpp">
      <Filter>References</Filter>
    </ClCompile>
    <ClCompile Include="..\103598010_MindMap\component.cpp">
      <Filter>References</Filter>
    </ClCompile>
    <ClCompile Include="..\103598010_MindMap\component_factory.cpp">
      <Filter>References</Filter>
    </ClCompile>
    <ClCompile Include="..\103598010_MindMap\composite.cpp">
      <Filter>References</Filter>
    </ClCompile>
    <ClCompile Include="..\103598010_MindMap\create_mind_map_state.cpp">
      <Filter>References</Filter>
    </ClCompile>
    <ClCompile Include="..\103598010_MindMap\delete_command.cpp">
      <Filter>References</Filter>
    </ClCompile>
    <ClCompile Include="..\103598010_MindMap\delete_node_state.cpp">
      <Filter>References</Filter>
    </ClCompile>
    <ClCompile Include="..\103598010_MindMap\display_mind_map_state.cpp">
      <Filter>References</Filter>
    </ClCompile>
    <ClCompile Include="..\103598010_MindMap\edit_description_command.cpp">
      <Filter>References</Filter>
    </ClCompile>
    <ClCompile Include="..\103598010_MindMap\edit_description_state.cpp">
      <Filter>References</Filter>
    </ClCompile>
    <ClCompile Include="..\103598010_MindMap\edit_menu_state.cpp">
      <Filter>References</Filter>
    </ClCompile>
    <ClCompile Include="..\103598010_MindMap\enumeration.cpp">
      <Filter>References</Filter>
    </ClCompile>
    <ClCompile Include="..\103598010_MindMap\exit_state.cpp">
      <Filter>References</Filter>
    </ClCompile>
    <ClCompile Include="..\103598010_MindMap\insert_child_node_command.cpp">
      <Filter>References</Filter>
    </ClCompile>
    <ClCompile Include="..\103598010_MindMap\insert_child_node_state.cpp">
      <Filter>References</Filter>
    </ClCompile>
    <ClCompile Include="..\103598010_MindMap\insert_menu_state.cpp">
      <Filter>References</Filter>
    </ClCompile>
    <ClCompile Include="..\103598010_MindMap\insert_parent_node_command.cpp">
      <Filter>References</Filter>
    </ClCompile>
    <ClCompile Include="..\103598010_MindMap\insert_parent_node_state.cpp">
      <Filter>References</Filter>
    </ClCompile>
    <ClCompile Include="..\103598010_MindMap\insert_sibling_node_command.cpp">
      <Filter>References</Filter>
    </ClCompile>
    <ClCompile Include="..\103598010_MindMap\insert_sibling_node_state.cpp">
      <Filter>References</Filter>
    </ClCompile>
    <ClCompile Include="..\103598010_MindMap\load_state.cpp">
      <Filter>References</Filter>
    </ClCompile>
    <ClCompile Include="..\103598010_MindMap\menu_state.cpp">
      <Filter>References</Filter>
    </ClCompile>
    <ClCompile Include="..\103598010_MindMap\mind_map_model.cpp">
      <Filter>References</Filter>
    </ClCompile>
    <ClCompile Include="..\103598010_MindMap\node.cpp">
      <Filter>References</Filter>
    </ClCompile>
    <ClCompile Include="..\103598010_MindMap\redo_state.cpp">
      <Filter>References</Filter>
    </ClCompile>
    <ClCompile Include="..\103598010_MindMap\root.cpp">
      <Filter>References</Filter>
    </ClCompile>
    <ClCompile Include="..\103598010_MindMap\save_state.cpp">
      <Filter>References</Filter>
    </ClCompile>
    <ClCompile Include="..\103598010_MindMap\stdafx.cpp">
      <Filter>References</Filter>
    </ClCompile>
    <ClCompile Include="..\103598010_MindMap\text_ui_controller.cpp">
      <Filter>References</Filter>
    </ClCompile>
    <ClCompile Include="..\103598010_MindMap\text_ui_state.cpp">
      <Filter>References</Filter>
    </ClCompile>
    <ClCompile Include="..\103598010_MindMap\text_ui_state_factory.cpp">
      <Filter>References</Filter>
    </ClCompile>
    <ClCompile Include="..\103598010_MindMap\text_ui_view.cpp">
      <Filter>References</Filter>
    </ClCompile>
    <ClCompile Include="..\103598010_MindMap\undo_state.cpp">
      <Filter>References</Filter>
    </ClCompile>
    <ClCompile Include="mind_map_view.cpp">
      <Filter>Source Files</Filter>
    </ClCompile>
    <ClCompile Include="node_graphics_item.cpp">
      <Filter>Source Files</Filter>
    </ClCompile>
    <ClCompile Include="..\103598010_MindMap\mind_map_presentation_model.cpp">
      <Filter>References</Filter>
    </ClCompile>
    <ClCompile Include="..\103598010_MindMap\save_visitor.cpp">
      <Filter>References</Filter>
    </ClCompile>
    <ClCompile Include="..\103598010_MindMap\component_visitor.cpp">
      <Filter>References</Filter>
    </ClCompile>
    <ClCompile Include="..\103598010_MindMap\text_ui_display_visitor.cpp">
      <Filter>References</Filter>
    </ClCompile>
    <ClCompile Include="gui_display_visitor.cpp">
      <Filter>Source Files</Filter>
    </ClCompile>
    <ClCompile Include="rectangle_decorator.cpp">
      <Filter>Source Files</Filter>
    </ClCompile>
    <ClCompile Include="..\103598010_MindMap\component_decorator.cpp">
      <Filter>References</Filter>
    </ClCompile>
  </ItemGroup>
  <ItemGroup>
    <CustomBuild Include="mind_map_window.h">
      <Filter>Header Files</Filter>
    </CustomBuild>
    <CustomBuild Include="mind_map_window.ui">
      <Filter>Form Files</Filter>
    </CustomBuild>
    <CustomBuild Include="mind_map_window.qrc">
      <Filter>Resource Files</Filter>
    </CustomBuild>
  </ItemGroup>
  <ItemGroup>
    <ClInclude Include="GeneratedFiles\ui_mind_map_window.h">
      <Filter>Generated Files</Filter>
    </ClInclude>
    <ClInclude Include="mind_map_view.h">
      <Filter>Header Files</Filter>
    </ClInclude>
    <ClInclude Include="node_graphics_item.h">
      <Filter>Header Files</Filter>
    </ClInclude>
    <ClInclude Include="gui_display_visitor.h">
      <Filter>Header Files</Filter>
    </ClInclude>
    <ClInclude Include="rectangle_decorator.h">
      <Filter>Header Files</Filter>
    </ClInclude>
  </ItemGroup>
</Project>