
Microsoft Visual Studio Solution File, Format Version 12.00
# Visual Studio 2013
VisualStudioVersion = 12.0.21005.1
MinimumVisualStudioVersion = 10.0.40219.1
Project("{8BC9CEB8-8B4A-11D0-8D11-00A0C91BC942}") = "103598010_MindMap", "103598010_MindMap\103598010_MindMap.vcxproj", "{84739ECC-9F68-4ED9-ABA1-A8389C826E1B}"
EndProject
Project("{8BC9CEB8-8B4A-11D0-8D11-00A0C91BC942}") = "103598010_Test", "103598010_Test\103598010_Test.vcxproj", "{29ACDEA3-B71B-4F66-B5F9-601F4CBB4F86}"
	ProjectSection(ProjectDependencies) = postProject
		{84739ECC-9F68-4ED9-ABA1-A8389C826E1B} = {84739ECC-9F68-4ED9-ABA1-A8389C826E1B}
	EndProjectSection
EndProject
Project("{8BC9CEB8-8B4A-11D0-8D11-00A0C91BC942}") = "103598010_MindMapUI", "103598010_MindMapUI\103598010_MindMapUI.vcxproj", "{B12702AD-ABFB-343A-A199-8E24837244A3}"
	ProjectSection(ProjectDependencies) = postProject
		{84739ECC-9F68-4ED9-ABA1-A8389C826E1B} = {84739ECC-9F68-4ED9-ABA1-A8389C826E1B}
	EndProjectSection
EndProject
Global
	GlobalSection(SolutionConfigurationPlatforms) = preSolution
		Debug|Mixed Platforms = Debug|Mixed Platforms
		Debug|Win32 = Debug|Win32
		Debug|x64 = Debug|x64
		Release|Mixed Platforms = Release|Mixed Platforms
		Release|Win32 = Release|Win32
		Release|x64 = Release|x64
	EndGlobalSection
	GlobalSection(ProjectConfigurationPlatforms) = postSolution
		{84739ECC-9F68-4ED9-ABA1-A8389C826E1B}.Debug|Mixed Platforms.ActiveCfg = Debug|Win32
		{84739ECC-9F68-4ED9-ABA1-A8389C826E1B}.Debug|Mixed Platforms.Build.0 = Debug|Win32
		{84739ECC-9F68-4ED9-ABA1-A8389C826E1B}.Debug|Win32.ActiveCfg = Debug|Win32
		{84739ECC-9F68-4ED9-ABA1-A8389C826E1B}.Debug|Win32.Build.0 = Debug|Win32
		{84739ECC-9F68-4ED9-ABA1-A8389C826E1B}.Debug|x64.ActiveCfg = Debug|Win32
		{84739ECC-9F68-4ED9-ABA1-A8389C826E1B}.Release|Mixed Platforms.ActiveCfg = Release|Win32
		{84739ECC-9F68-4ED9-ABA1-A8389C826E1B}.Release|Mixed Platforms.Build.0 = Release|Win32
		{84739ECC-9F68-4ED9-ABA1-A8389C826E1B}.Release|Win32.ActiveCfg = Release|Win32
		{84739ECC-9F68-4ED9-ABA1-A8389C826E1B}.Release|Win32.Build.0 = Release|Win32
		{84739ECC-9F68-4ED9-ABA1-A8389C826E1B}.Release|x64.ActiveCfg = Release|Win32
		{29ACDEA3-B71B-4F66-B5F9-601F4CBB4F86}.Debug|Mixed Platforms.ActiveCfg = Debug|Win32
		{29ACDEA3-B71B-4F66-B5F9-601F4CBB4F86}.Debug|Mixed Platforms.Build.0 = Debug|Win32
		{29ACDEA3-B71B-4F66-B5F9-601F4CBB4F86}.Debug|Win32.ActiveCfg = Debug|Win32
		{29ACDEA3-B71B-4F66-B5F9-601F4CBB4F86}.Debug|Win32.Build.0 = Debug|Win32
		{29ACDEA3-B71B-4F66-B5F9-601F4CBB4F86}.Debug|x64.ActiveCfg = Debug|Win32
		{29ACDEA3-B71B-4F66-B5F9-601F4CBB4F86}.Release|Mixed Platforms.ActiveCfg = Release|Win32
		{29ACDEA3-B71B-4F66-B5F9-601F4CBB4F86}.Release|Mixed Platforms.Build.0 = Release|Win32
		{29ACDEA3-B71B-4F66-B5F9-601F4CBB4F86}.Release|Win32.ActiveCfg = Release|Win32
		{29ACDEA3-B71B-4F66-B5F9-601F4CBB4F86}.Release|Win32.Build.0 = Release|Win32
		{29ACDEA3-B71B-4F66-B5F9-601F4CBB4F86}.Release|x64.ActiveCfg = Release|Win32
		{B12702AD-ABFB-343A-A199-8E24837244A3}.Debug|Mixed Platforms.ActiveCfg = Debug|Win32
		{B12702AD-ABFB-343A-A199-8E24837244A3}.Debug|Mixed Platforms.Build.0 = Debug|Win32
		{B12702AD-ABFB-343A-A199-8E24837244A3}.Debug|Win32.ActiveCfg = Debug|Win32
		{B12702AD-ABFB-343A-A199-8E24837244A3}.Debug|Win32.Build.0 = Debug|Win32
		{B12702AD-ABFB-343A-A199-8E24837244A3}.Debug|x64.ActiveCfg = Debug|x64
		{B12702AD-ABFB-343A-A199-8E24837244A3}.Debug|x64.Build.0 = Debug|x64
		{B12702AD-ABFB-343A-A199-8E24837244A3}.Release|Mixed Platforms.ActiveCfg = Release|Win32
		{B12702AD-ABFB-343A-A199-8E24837244A3}.Release|Mixed Platforms.Build.0 = Release|Win32
		{B12702AD-ABFB-343A-A199-8E24837244A3}.Release|Win32.ActiveCfg = Release|Win32
		{B12702AD-ABFB-343A-A199-8E24837244A3}.Release|Win32.Build.0 = Release|Win32
		{B12702AD-ABFB-343A-A199-8E24837244A3}.Release|x64.ActiveCfg = Release|x64
		{B12702AD-ABFB-343A-A199-8E24837244A3}.Release|x64.Build.0 = Release|x64
	EndGlobalSection
	GlobalSection(SolutionProperties) = preSolution
		HideSolutionNode = FALSE
	EndGlobalSection
EndGlobal
