<?xml version="1.0" encoding="utf-8"?>
<Project ToolsVersion="4.0" xmlns="http://schemas.microsoft.com/developer/msbuild/2003">
  <ItemGroup>
    <Filter Include="Source Files">
      <UniqueIdentifier>{4FC737F1-C7A5-4376-A066-2A32D752A2FF}</UniqueIdentifier>
      <Extensions>cpp;c;cc;cxx;def;odl;idl;hpj;bat;asm;asmx</Extensions>
    </Filter>
    <Filter Include="Header Files">
      <UniqueIdentifier>{93995380-89BD-4b04-88EB-625FBE52EBFB}</UniqueIdentifier>
      <Extensions>h;hh;hpp;hxx;hm;inl;inc;xsd</Extensions>
    </Filter>
    <Filter Include="Resource Files">
      <UniqueIdentifier>{67DA6AB6-F800-4c08-8B7A-83BB121AAD01}</UniqueIdentifier>
      <Extensions>rc;ico;cur;bmp;dlg;rc2;rct;bin;rgs;gif;jpg;jpeg;jpe;resx;tiff;tif;png;wav;mfcribbon-ms</Extensions>
    </Filter>
    <Filter Include="Header Files\Components">
      <UniqueIdentifier>{304ea154-aaaa-426e-b695-ddbe08ad629e}</UniqueIdentifier>
    </Filter>
    <Filter Include="Header Files\TextUIStates">
      <UniqueIdentifier>{b9be2bc7-b8da-48b4-82fb-472410a51cae}</UniqueIdentifier>
    </Filter>
    <Filter Include="Source Files\TextUIStates">
      <UniqueIdentifier>{d7c051ff-7901-40f6-95f0-621c2fcc2c87}</UniqueIdentifier>
    </Filter>
    <Filter Include="Source Files\Components">
      <UniqueIdentifier>{f7901d1b-b0c1-4f94-9989-87db81f3186a}</UniqueIdentifier>
    </Filter>
    <Filter Include="Header Files\Exceptions">
      <UniqueIdentifier>{eb62a490-54bf-4af7-bdb5-1ca988de2139}</UniqueIdentifier>
    </Filter>
    <Filter Include="Source Files\Exceptions">
      <UniqueIdentifier>{13cfd745-c019-4236-b193-8466e29f8393}</UniqueIdentifier>
    </Filter>
    <Filter Include="Header Files\TextUI">
      <UniqueIdentifier>{8aebcf5a-edd0-4210-8598-9a34b6efd8ce}</UniqueIdentifier>
    </Filter>
    <Filter Include="Source Files\TextUI">
      <UniqueIdentifier>{e3d9ff19-bff4-44de-a3bd-0de4a6c44f47}</UniqueIdentifier>
    </Filter>
    <Filter Include="Header Files\Commands">
      <UniqueIdentifier>{6c3f41f3-60f1-49f3-898c-03dacf72c9d5}</UniqueIdentifier>
    </Filter>
    <Filter Include="Source Files\Commands">
      <UniqueIdentifier>{9932cd97-1629-4dd7-9cb0-d4d399c83afc}</UniqueIdentifier>
    </Filter>
    <Filter Include="Source Files\TextUIStates\Edit">
      <UniqueIdentifier>{3ab3e6c7-8d66-4f5f-aa99-25270579e8ae}</UniqueIdentifier>
    </Filter>
    <Filter Include="Header Files\TextUIStates\Edit">
      <UniqueIdentifier>{351cc77a-a99c-4179-aff1-383bb0116b7a}</UniqueIdentifier>
    </Filter>
    <Filter Include="Header Files\TextUIStates\Insert">
      <UniqueIdentifier>{d6805a95-c77a-4761-84c3-0051ab5c8eee}</UniqueIdentifier>
    </Filter>
    <Filter Include="Source Files\TextUIStates\Insert">
      <UniqueIdentifier>{8c6e6e64-8330-44dc-a1d3-761dd6c27db3}</UniqueIdentifier>
    </Filter>
  </ItemGroup>
  <ItemGroup>
    <Text Include="ReadMe.txt" />
  </ItemGroup>
  <ItemGroup>
    <ClInclude Include="stdafx.h">
      <Filter>Header Files</Filter>
    </ClInclude>
    <ClInclude Include="targetver.h">
      <Filter>Header Files</Filter>
    </ClInclude>
    <ClInclude Include="mind_map_model.h">
      <Filter>Header Files</Filter>
    </ClInclude>
    <ClInclude Include="exit_state.h">
      <Filter>Header Files\TextUIStates</Filter>
    </ClInclude>
    <ClInclude Include="menu_state.h">
      <Filter>Header Files\TextUIStates</Filter>
    </ClInclude>
    <ClInclude Include="text_ui_state.h">
      <Filter>Header Files\TextUIStates</Filter>
    </ClInclude>
    <ClInclude Include="create_mind_map_state.h">
      <Filter>Header Files\TextUIStates</Filter>
    </ClInclude>
    <ClInclude Include="display_mind_map_state.h">
      <Filter>Header Files\TextUIStates</Filter>
    </ClInclude>
    <ClInclude Include="composite.h">
      <Filter>Header Files\Components</Filter>
    </ClInclude>
    <ClInclude Include="component_factory.h">
      <Filter>Header Files\Components</Filter>
    </ClInclude>
    <ClInclude Include="component.h">
      <Filter>Header Files\Components</Filter>
    </ClInclude>
    <ClInclude Include="node.h">
      <Filter>Header Files\Components</Filter>
    </ClInclude>
    <ClInclude Include="root.h">
      <Filter>Header Files\Components</Filter>
    </ClInclude>
    <ClInclude Include="save_state.h">
      <Filter>Header Files\TextUIStates</Filter>
    </ClInclude>
    <ClInclude Include="enumeration.h">
      <Filter>Header Files</Filter>
    </ClInclude>
    <ClInclude Include="load_state.h">
      <Filter>Header Files\TextUIStates</Filter>
    </ClInclude>
    <ClInclude Include="redo_state.h">
      <Filter>Header Files\TextUIStates</Filter>
    </ClInclude>
    <ClInclude Include="undo_state.h">
      <Filter>Header Files\TextUIStates</Filter>
    </ClInclude>
    <ClInclude Include="text_ui_controller.h">
      <Filter>Header Files\TextUI</Filter>
    </ClInclude>
    <ClInclude Include="text_ui_view.h">
      <Filter>Header Files\TextUI</Filter>
    </ClInclude>
    <ClInclude Include="command.h">
      <Filter>Header Files\Commands</Filter>
    </ClInclude>
    <ClInclude Include="command_manager.h">
      <Filter>Header Files\Commands</Filter>
    </ClInclude>
    <ClInclude Include="edit_description_command.h">
      <Filter>Header Files\Commands</Filter>
    </ClInclude>
    <ClInclude Include="change_parent_command.h">
      <Filter>Header Files\Commands</Filter>
    </ClInclude>
    <ClInclude Include="change_parent_state.h">
      <Filter>Header Files\TextUIStates\Edit</Filter>
    </ClInclude>
    <ClInclude Include="edit_description_state.h">
      <Filter>Header Files\TextUIStates\Edit</Filter>
    </ClInclude>
    <ClInclude Include="edit_menu_state.h">
      <Filter>Header Files\TextUIStates\Edit</Filter>
    </ClInclude>
    <ClInclude Include="delete_node_state.h">
      <Filter>Header Files\TextUIStates\Edit</Filter>
    </ClInclude>
    <ClInclude Include="insert_menu_state.h">
      <Filter>Header Files\TextUIStates\Insert</Filter>
    </ClInclude>
    <ClInclude Include="insert_parent_node_command.h">
      <Filter>Header Files\Commands</Filter>
    </ClInclude>
    <ClInclude Include="insert_child_node_command.h">
      <Filter>Header Files\Commands</Filter>
    </ClInclude>
    <ClInclude Include="insert_sibling_node_command.h">
      <Filter>Header Files\Commands</Filter>
    </ClInclude>
    <ClInclude Include="insert_sibling_node_state.h">
      <Filter>Header Files\TextUIStates\Insert</Filter>
    </ClInclude>
    <ClInclude Include="insert_child_node_state.h">
      <Filter>Header Files\TextUIStates\Insert</Filter>
    </ClInclude>
    <ClInclude Include="insert_parent_node_state.h">
      <Filter>Header Files\TextUIStates\Insert</Filter>
    </ClInclude>
    <ClInclude Include="delete_command.h">
      <Filter>Header Files\Commands</Filter>
    </ClInclude>
    <ClInclude Include="text_ui_state_factory.h">
      <Filter>Header Files\TextUIStates</Filter>
    </ClInclude>
  </ItemGroup>
  <ItemGroup>
    <ClCompile Include="stdafx.cpp">
      <Filter>Source Files</Filter>
    </ClCompile>
    <ClCompile Include="main.cpp">
      <Filter>Source Files</Filter>
    </ClCompile>
    <ClCompile Include="mind_map_model.cpp">
      <Filter>Source Files</Filter>
    </ClCompile>
    <ClCompile Include="exit_state.cpp">
      <Filter>Source Files\TextUIStates</Filter>
    </ClCompile>
    <ClCompile Include="menu_state.cpp">
      <Filter>Source Files\TextUIStates</Filter>
    </ClCompile>
    <ClCompile Include="text_ui_state.cpp">
      <Filter>Source Files\TextUIStates</Filter>
    </ClCompile>
    <ClCompile Include="component.cpp">
      <Filter>Source Files\Components</Filter>
    </ClCompile>
    <ClCompile Include="composite.cpp">
      <Filter>Source Files\Components</Filter>
    </ClCompile>
    <ClCompile Include="node.cpp">
      <Filter>Source Files\Components</Filter>
    </ClCompile>
    <ClCompile Include="root.cpp">
      <Filter>Source Files\Components</Filter>
    </ClCompile>
    <ClCompile Include="component_factory.cpp">
      <Filter>Source Files\Components</Filter>
    </ClCompile>
    <ClCompile Include="enumeration.cpp">
      <Filter>Source Files</Filter>
    </ClCompile>
    <ClCompile Include="load_state.cpp">
      <Filter>Source Files\TextUIStates</Filter>
    </ClCompile>
    <ClCompile Include="redo_state.cpp">
      <Filter>Source Files\TextUIStates</Filter>
    </ClCompile>
    <ClCompile Include="undo_state.cpp">
      <Filter>Source Files\TextUIStates</Filter>
    </ClCompile>
    <ClCompile Include="text_ui_view.cpp">
      <Filter>Source Files\TextUI</Filter>
    </ClCompile>
    <ClCompile Include="text_ui_controller.cpp">
      <Filter>Source Files\TextUI</Filter>
    </ClCompile>
    <ClCompile Include="command_manager.cpp">
      <Filter>Source Files\Commands</Filter>
    </ClCompile>
    <ClCompile Include="edit_description_command.cpp">
      <Filter>Source Files\Commands</Filter>
    </ClCompile>
    <ClCompile Include="create_mind_map_state.cpp">
      <Filter>Source Files\TextUIStates</Filter>
    </ClCompile>
    <ClCompile Include="display_mind_map_state.cpp">
      <Filter>Source Files\TextUIStates</Filter>
    </ClCompile>
    <ClCompile Include="change_parent_command.cpp">
      <Filter>Source Files\Commands</Filter>
    </ClCompile>
    <ClCompile Include="save_state.cpp">
      <Filter>Source Files\TextUIStates</Filter>
    </ClCompile>
    <ClCompile Include="edit_description_state.cpp">
      <Filter>Source Files\TextUIStates\Edit</Filter>
    </ClCompile>
    <ClCompile Include="edit_menu_state.cpp">
      <Filter>Source Files\TextUIStates\Edit</Filter>
    </ClCompile>
    <ClCompile Include="delete_node_state.cpp">
      <Filter>Source Files\TextUIStates\Edit</Filter>
    </ClCompile>
    <ClCompile Include="change_parent_state.cpp">
      <Filter>Source Files\TextUIStates\Edit</Filter>
    </ClCompile>
    <ClCompile Include="insert_menu_state.cpp">
      <Filter>Source Files\TextUIStates\Insert</Filter>
    </ClCompile>
    <ClCompile Include="insert_parent_node_command.cpp">
      <Filter>Source Files\Commands</Filter>
    </ClCompile>
    <ClCompile Include="insert_sibling_node_command.cpp">
      <Filter>Source Files\Commands</Filter>
    </ClCompile>
    <ClCompile Include="insert_child_node_command.cpp">
      <Filter>Source Files\Commands</Filter>
    </ClCompile>
    <ClCompile Include="insert_child_node_state.cpp">
      <Filter>Source Files\TextUIStates\Insert</Filter>
    </ClCompile>
    <ClCompile Include="insert_parent_node_state.cpp">
      <Filter>Source Files\TextUIStates\Insert</Filter>
    </ClCompile>
    <ClCompile Include="command.cpp">
      <Filter>Header Files\TextUIStates</Filter>
    </ClCompile>
    <ClCompile Include="delete_command.cpp">
      <Filter>Source Files\Commands</Filter>
    </ClCompile>
    <ClCompile Include="text_ui_state_factory.cpp">
      <Filter>Source Files\TextUIStates</Filter>
    </ClCompile>
    <ClCompile Include="insert_sibling_node_state.cpp">
      <Filter>Source Files\TextUIStates\Insert</Filter>
    </ClCompile>
  </ItemGroup>
</Project>