<?xml version="1.0" encoding="utf-8"?>
<Project ToolsVersion="4.0" xmlns="http://schemas.microsoft.com/developer/msbuild/2003">
  <ItemGroup>
    <Filter Include="Source Files">
      <UniqueIdentifier>{4FC737F1-C7A5-4376-A066-2A32D752A2FF}</UniqueIdentifier>
      <Extensions>cpp;c;cc;cxx;def;odl;idl;hpj;bat;asm;asmx</Extensions>
    </Filter>
    <Filter Include="Header Files">
      <UniqueIdentifier>{93995380-89BD-4b04-88EB-625FBE52EBFB}</UniqueIdentifier>
      <Extensions>h;hh;hpp;hxx;hm;inl;inc;xsd</Extensions>
    </Filter>
    <Filter Include="Resource Files">
      <UniqueIdentifier>{67DA6AB6-F800-4c08-8B7A-83BB121AAD01}</UniqueIdentifier>
      <Extensions>rc;ico;cur;bmp;dlg;rc2;rct;bin;rgs;gif;jpg;jpeg;jpe;resx;tiff;tif;png;wav;mfcribbon-ms</Extensions>
    </Filter>
    <Filter Include="Header Files\TextUIState">
      <UniqueIdentifier>{b9be2bc7-b8da-48b4-82fb-472410a51cae}</UniqueIdentifier>
    </Filter>
    <Filter Include="Source Files\TextUIState">
      <UniqueIdentifier>{d7c051ff-7901-40f6-95f0-621c2fcc2c87}</UniqueIdentifier>
    </Filter>
  </ItemGroup>
  <ItemGroup>
    <Text Include="ReadMe.txt" />
  </ItemGroup>
  <ItemGroup>
    <ClInclude Include="stdafx.h">
      <Filter>Header Files</Filter>
    </ClInclude>
    <ClInclude Include="targetver.h">
      <Filter>Header Files</Filter>
    </ClInclude>
    <ClInclude Include="mind_map_model.h">
      <Filter>Header Files</Filter>
    </ClInclude>
    <ClInclude Include="component.h">
      <Filter>Header Files</Filter>
    </ClInclude>
    <ClInclude Include="node.h">
      <Filter>Header Files</Filter>
    </ClInclude>
    <ClInclude Include="composite.h">
      <Filter>Header Files</Filter>
    </ClInclude>
    <ClInclude Include="root.h">
      <Filter>Header Files</Filter>
    </ClInclude>
    <ClInclude Include="constants.h">
      <Filter>Header Files</Filter>
    </ClInclude>
    <ClInclude Include="componentFactory.h">
      <Filter>Header Files</Filter>
    </ClInclude>
    <ClInclude Include="menu_state.h">
      <Filter>Header Files</Filter>
    </ClInclude>
    <ClInclude Include="text_ui_state.h">
      <Filter>Header Files</Filter>
    </ClInclude>
    <ClInclude Include="text_ui_view.h">
      <Filter>Header Files</Filter>
    </ClInclude>
    <ClInclude Include="text_ui_controller.h">
      <Filter>Header Files</Filter>
    </ClInclude>
    <ClInclude Include="exit_state.h">
      <Filter>Header Files</Filter>
    </ClInclude>
    <ClInclude Include="create_mindmap_state.h">
      <Filter>Header Files</Filter>
    </ClInclude>
  </ItemGroup>
  <ItemGroup>
    <ClCompile Include="stdafx.cpp">
      <Filter>Source Files</Filter>
    </ClCompile>
    <ClCompile Include="main.cpp">
      <Filter>Source Files</Filter>
    </ClCompile>
    <ClCompile Include="mind_map_model.cpp">
      <Filter>Source Files</Filter>
    </ClCompile>
    <ClCompile Include="component.cpp">
      <Filter>Source Files</Filter>
    </ClCompile>
    <ClCompile Include="node.cpp">
      <Filter>Source Files</Filter>
    </ClCompile>
    <ClCompile Include="composite.cpp">
      <Filter>Source Files</Filter>
    </ClCompile>
    <ClCompile Include="root.cpp">
      <Filter>Source Files</Filter>
    </ClCompile>
    <ClCompile Include="constants.cpp">
      <Filter>Source Files</Filter>
    </ClCompile>
    <ClCompile Include="componentFactory.cpp">
      <Filter>Source Files</Filter>
    </ClCompile>
    <ClCompile Include="menu_state.cpp">
      <Filter>Source Files</Filter>
    </ClCompile>
    <ClCompile Include="text_ui_state.cpp">
      <Filter>Source Files</Filter>
    </ClCompile>
    <ClCompile Include="text_ui_controller.cpp">
      <Filter>Source Files</Filter>
    </ClCompile>
    <ClCompile Include="text_ui_view.cpp">
      <Filter>Source Files</Filter>
    </ClCompile>
    <ClCompile Include="exit_state.cpp">
      <Filter>Source Files</Filter>
    </ClCompile>
    <ClCompile Include="create_mindmap_state.cpp">
      <Filter>Source Files</Filter>
    </ClCompile>
  </ItemGroup>
  <ItemGroup>
    <None Include="ClassDiagram.cd" />
  </ItemGroup>
</Project>